
Microsoft Visual Studio Solution File, Format Version 12.00
Project("{2150E333-8FDC-42A3-9474-1A3956D46DE8}") = "src", "src", "{9801D0A9-C939-4F94-A98C-4BF0A80C0326}"
EndProject
Project("{FAE04EC0-301F-11D3-BF4B-00C04F79EFBC}") = "Gateway.Core.Domain", "Gateway.Core.Domain\Gateway.Core.Domain.csproj", "{2AD109D1-7262-44A8-9990-823A18751295}"
EndProject
Project("{FAE04EC0-301F-11D3-BF4B-00C04F79EFBC}") = "Gateway.Core.Application", "Gateway.Core.Application\Gateway.Core.Application.csproj", "{0624955E-E16E-4746-AA5F-69BB4CA6AC17}"
EndProject
Project("{2150E333-8FDC-42A3-9474-1A3956D46DE8}") = "tests", "tests", "{EEA4A9FB-3922-41E0-A69A-DBBF6E420960}"
EndProject
Project("{FAE04EC0-301F-11D3-BF4B-00C04F79EFBC}") = "UnitTests.Core.Domain", "UnitTests.Core.Domain\UnitTests.Core.Domain.csproj", "{795D0E23-D1FC-4303-9524-6C15A736F4B9}"
EndProject
Project("{FAE04EC0-301F-11D3-BF4B-00C04F79EFBC}") = "UnitTests.Core.Application", "UnitTests.Core.Application\UnitTests.Core.Application.csproj", "{23527AD3-9D66-4E28-990F-8BBA2373F4D6}"
EndProject
Project("{FAE04EC0-301F-11D3-BF4B-00C04F79EFBC}") = "Gateway.DataAccess", "Gateway.DataAccess\Gateway.DataAccess.csproj", "{EBB173DB-A76E-4B4B-A892-AAD309EBA090}"
EndProject
Project("{FAE04EC0-301F-11D3-BF4B-00C04F79EFBC}") = "UnitTests.DataAccess", "UnitTests.DataAccess\UnitTests.DataAccess.csproj", "{8FEBACCF-2CE8-485F-8E47-374CDEBB7BEF}"
EndProject
Project("{FAE04EC0-301F-11D3-BF4B-00C04F79EFBC}") = "Gateway.Scheduler", "Gateway.Scheduler\Gateway.Scheduler.csproj", "{BF1439D1-1B42-4541-A45F-45DA21A1DF37}"
EndProject
Project("{FAE04EC0-301F-11D3-BF4B-00C04F79EFBC}") = "UnitTests.Scheduler", "UnitTests.Scheduler\UnitTests.Scheduler.csproj", "{04331DC6-2DE1-4F55-BFAE-24F056402C39}"
EndProject
Project("{FAE04EC0-301F-11D3-BF4B-00C04F79EFBC}") = "Gateway.Services", "Gateway.Services\Gateway.Services.csproj", "{45B19A2F-2C07-4845-81EB-33D03D32B963}"
EndProject
Project("{FAE04EC0-301F-11D3-BF4B-00C04F79EFBC}") = "UnitTests.Services", "UnitTests.Services\UnitTests.Services.csproj", "{1E2EF5A0-7B3D-4066-B171-9A7F64CC72CD}"
EndProject
Project("{FAE04EC0-301F-11D3-BF4B-00C04F79EFBC}") = "Gateway.WebApi", "Gateway.WebApi\Gateway.WebApi.csproj", "{6F2B3186-08EB-493F-A2FD-170538DAB844}"
EndProject
Project("{FAE04EC0-301F-11D3-BF4B-00C04F79EFBC}") = "UnitTests.WebApi", "UnitTests.WebApi\UnitTests.WebApi.csproj", "{7186EB04-B877-4287-A690-7DE597FCCF62}"
EndProject
Global
	GlobalSection(SolutionConfigurationPlatforms) = preSolution
		Debug|Any CPU = Debug|Any CPU
		Release|Any CPU = Release|Any CPU
	EndGlobalSection
	GlobalSection(NestedProjects) = preSolution
		{2AD109D1-7262-44A8-9990-823A18751295} = {9801D0A9-C939-4F94-A98C-4BF0A80C0326}
		{0624955E-E16E-4746-AA5F-69BB4CA6AC17} = {9801D0A9-C939-4F94-A98C-4BF0A80C0326}
		{EBB173DB-A76E-4B4B-A892-AAD309EBA090} = {9801D0A9-C939-4F94-A98C-4BF0A80C0326}
		{23527AD3-9D66-4E28-990F-8BBA2373F4D6} = {EEA4A9FB-3922-41E0-A69A-DBBF6E420960}
		{795D0E23-D1FC-4303-9524-6C15A736F4B9} = {EEA4A9FB-3922-41E0-A69A-DBBF6E420960}
		{8FEBACCF-2CE8-485F-8E47-374CDEBB7BEF} = {EEA4A9FB-3922-41E0-A69A-DBBF6E420960}
		{BF1439D1-1B42-4541-A45F-45DA21A1DF37} = {9801D0A9-C939-4F94-A98C-4BF0A80C0326}
		{04331DC6-2DE1-4F55-BFAE-24F056402C39} = {EEA4A9FB-3922-41E0-A69A-DBBF6E420960}
		{45B19A2F-2C07-4845-81EB-33D03D32B963} = {9801D0A9-C939-4F94-A98C-4BF0A80C0326}
		{1E2EF5A0-7B3D-4066-B171-9A7F64CC72CD} = {EEA4A9FB-3922-41E0-A69A-DBBF6E420960}
		{6F2B3186-08EB-493F-A2FD-170538DAB844} = {9801D0A9-C939-4F94-A98C-4BF0A80C0326}
		{7186EB04-B877-4287-A690-7DE597FCCF62} = {EEA4A9FB-3922-41E0-A69A-DBBF6E420960}
	EndGlobalSection
	GlobalSection(ProjectConfigurationPlatforms) = postSolution
		{2AD109D1-7262-44A8-9990-823A18751295}.Debug|Any CPU.ActiveCfg = Debug|Any CPU
		{2AD109D1-7262-44A8-9990-823A18751295}.Debug|Any CPU.Build.0 = Debug|Any CPU
		{2AD109D1-7262-44A8-9990-823A18751295}.Release|Any CPU.ActiveCfg = Release|Any CPU
		{2AD109D1-7262-44A8-9990-823A18751295}.Release|Any CPU.Build.0 = Release|Any CPU
		{0624955E-E16E-4746-AA5F-69BB4CA6AC17}.Debug|Any CPU.ActiveCfg = Debug|Any CPU
		{0624955E-E16E-4746-AA5F-69BB4CA6AC17}.Debug|Any CPU.Build.0 = Debug|Any CPU
		{0624955E-E16E-4746-AA5F-69BB4CA6AC17}.Release|Any CPU.ActiveCfg = Release|Any CPU
		{0624955E-E16E-4746-AA5F-69BB4CA6AC17}.Release|Any CPU.Build.0 = Release|Any CPU
		{795D0E23-D1FC-4303-9524-6C15A736F4B9}.Debug|Any CPU.ActiveCfg = Debug|Any CPU
		{795D0E23-D1FC-4303-9524-6C15A736F4B9}.Debug|Any CPU.Build.0 = Debug|Any CPU
		{795D0E23-D1FC-4303-9524-6C15A736F4B9}.Release|Any CPU.ActiveCfg = Release|Any CPU
		{795D0E23-D1FC-4303-9524-6C15A736F4B9}.Release|Any CPU.Build.0 = Release|Any CPU
		{23527AD3-9D66-4E28-990F-8BBA2373F4D6}.Debug|Any CPU.ActiveCfg = Debug|Any CPU
		{23527AD3-9D66-4E28-990F-8BBA2373F4D6}.Debug|Any CPU.Build.0 = Debug|Any CPU
		{23527AD3-9D66-4E28-990F-8BBA2373F4D6}.Release|Any CPU.ActiveCfg = Release|Any CPU
		{23527AD3-9D66-4E28-990F-8BBA2373F4D6}.Release|Any CPU.Build.0 = Release|Any CPU
		{EBB173DB-A76E-4B4B-A892-AAD309EBA090}.Debug|Any CPU.ActiveCfg = Debug|Any CPU
		{EBB173DB-A76E-4B4B-A892-AAD309EBA090}.Debug|Any CPU.Build.0 = Debug|Any CPU
		{EBB173DB-A76E-4B4B-A892-AAD309EBA090}.Release|Any CPU.ActiveCfg = Release|Any CPU
		{EBB173DB-A76E-4B4B-A892-AAD309EBA090}.Release|Any CPU.Build.0 = Release|Any CPU
		{8FEBACCF-2CE8-485F-8E47-374CDEBB7BEF}.Debug|Any CPU.ActiveCfg = Debug|Any CPU
		{8FEBACCF-2CE8-485F-8E47-374CDEBB7BEF}.Debug|Any CPU.Build.0 = Debug|Any CPU
		{8FEBACCF-2CE8-485F-8E47-374CDEBB7BEF}.Release|Any CPU.ActiveCfg = Release|Any CPU
		{8FEBACCF-2CE8-485F-8E47-374CDEBB7BEF}.Release|Any CPU.Build.0 = Release|Any CPU
		{BF1439D1-1B42-4541-A45F-45DA21A1DF37}.Debug|Any CPU.ActiveCfg = Debug|Any CPU
		{BF1439D1-1B42-4541-A45F-45DA21A1DF37}.Debug|Any CPU.Build.0 = Debug|Any CPU
		{BF1439D1-1B42-4541-A45F-45DA21A1DF37}.Release|Any CPU.ActiveCfg = Release|Any CPU
		{BF1439D1-1B42-4541-A45F-45DA21A1DF37}.Release|Any CPU.Build.0 = Release|Any CPU
		{04331DC6-2DE1-4F55-BFAE-24F056402C39}.Debug|Any CPU.ActiveCfg = Debug|Any CPU
		{04331DC6-2DE1-4F55-BFAE-24F056402C39}.Debug|Any CPU.Build.0 = Debug|Any CPU
		{04331DC6-2DE1-4F55-BFAE-24F056402C39}.Release|Any CPU.ActiveCfg = Release|Any CPU
		{04331DC6-2DE1-4F55-BFAE-24F056402C39}.Release|Any CPU.Build.0 = Release|Any CPU
		{45B19A2F-2C07-4845-81EB-33D03D32B963}.Debug|Any CPU.ActiveCfg = Debug|Any CPU
		{45B19A2F-2C07-4845-81EB-33D03D32B963}.Debug|Any CPU.Build.0 = Debug|Any CPU
		{45B19A2F-2C07-4845-81EB-33D03D32B963}.Release|Any CPU.ActiveCfg = Release|Any CPU
		{45B19A2F-2C07-4845-81EB-33D03D32B963}.Release|Any CPU.Build.0 = Release|Any CPU
		{1E2EF5A0-7B3D-4066-B171-9A7F64CC72CD}.Debug|Any CPU.ActiveCfg = Debug|Any CPU
		{1E2EF5A0-7B3D-4066-B171-9A7F64CC72CD}.Debug|Any CPU.Build.0 = Debug|Any CPU
		{1E2EF5A0-7B3D-4066-B171-9A7F64CC72CD}.Release|Any CPU.ActiveCfg = Release|Any CPU
		{1E2EF5A0-7B3D-4066-B171-9A7F64CC72CD}.Release|Any CPU.Build.0 = Release|Any CPU
		{6F2B3186-08EB-493F-A2FD-170538DAB844}.Debug|Any CPU.ActiveCfg = Debug|Any CPU
		{6F2B3186-08EB-493F-A2FD-170538DAB844}.Debug|Any CPU.Build.0 = Debug|Any CPU
		{6F2B3186-08EB-493F-A2FD-170538DAB844}.Release|Any CPU.ActiveCfg = Release|Any CPU
		{6F2B3186-08EB-493F-A2FD-170538DAB844}.Release|Any CPU.Build.0 = Release|Any CPU
		{7186EB04-B877-4287-A690-7DE597FCCF62}.Debug|Any CPU.ActiveCfg = Debug|Any CPU
		{7186EB04-B877-4287-A690-7DE597FCCF62}.Debug|Any CPU.Build.0 = Debug|Any CPU
		{7186EB04-B877-4287-A690-7DE597FCCF62}.Release|Any CPU.ActiveCfg = Release|Any CPU
		{7186EB04-B877-4287-A690-7DE597FCCF62}.Release|Any CPU.Build.0 = Release|Any CPU
	EndGlobalSection
EndGlobal
